
Microsoft Visual Studio Solution File, Format Version 12.00
# Visual Studio Version 17
VisualStudioVersion = 17.9.34616.47
MinimumVisualStudioVersion = 10.0.40219.1
Project("{9A19103F-16F7-4668-BE54-9A1E7A4F7556}") = "BoxCodeApp", "BoxCodeApp\BoxCodeApp.csproj", "{9E7AC39E-FA4B-4B53-A3BD-EE3207025DC0}"
EndProject
Project("{9A19103F-16F7-4668-BE54-9A1E7A4F7556}") = "BoxCodeLib", "BoxCodeLib\BoxCodeLib.csproj", "{5F265589-97D6-42FF-A358-6515822D6011}"
EndProject
Project("{9A19103F-16F7-4668-BE54-9A1E7A4F7556}") = "BoxCodeCLI", "BoxCodeCLI\BoxCodeCLI.csproj", "{42DBE6AD-5622-4AD7-A0DE-E8A4E6FB4FE1}"
EndProject
Global
	GlobalSection(SolutionConfigurationPlatforms) = preSolution
		Debug|Any CPU = Debug|Any CPU
		Release|Any CPU = Release|Any CPU
	EndGlobalSection
	GlobalSection(ProjectConfigurationPlatforms) = postSolution
		{9E7AC39E-FA4B-4B53-A3BD-EE3207025DC0}.Debug|Any CPU.ActiveCfg = Debug|Any CPU
		{9E7AC39E-FA4B-4B53-A3BD-EE3207025DC0}.Debug|Any CPU.Build.0 = Debug|Any CPU
		{9E7AC39E-FA4B-4B53-A3BD-EE3207025DC0}.Debug|Any CPU.Deploy.0 = Debug|Any CPU
		{9E7AC39E-FA4B-4B53-A3BD-EE3207025DC0}.Release|Any CPU.ActiveCfg = Release|Any CPU
		{9E7AC39E-FA4B-4B53-A3BD-EE3207025DC0}.Release|Any CPU.Build.0 = Release|Any CPU
		{9E7AC39E-FA4B-4B53-A3BD-EE3207025DC0}.Release|Any CPU.Deploy.0 = Release|Any CPU
		{5F265589-97D6-42FF-A358-6515822D6011}.Debug|Any CPU.ActiveCfg = Debug|Any CPU
		{5F265589-97D6-42FF-A358-6515822D6011}.Debug|Any CPU.Build.0 = Debug|Any CPU
		{5F265589-97D6-42FF-A358-6515822D6011}.Release|Any CPU.ActiveCfg = Release|Any CPU
		{5F265589-97D6-42FF-A358-6515822D6011}.Release|Any CPU.Build.0 = Release|Any CPU
		{42DBE6AD-5622-4AD7-A0DE-E8A4E6FB4FE1}.Debug|Any CPU.ActiveCfg = Debug|Any CPU
		{42DBE6AD-5622-4AD7-A0DE-E8A4E6FB4FE1}.Debug|Any CPU.Build.0 = Debug|Any CPU
		{42DBE6AD-5622-4AD7-A0DE-E8A4E6FB4FE1}.Release|Any CPU.ActiveCfg = Release|Any CPU
		{42DBE6AD-5622-4AD7-A0DE-E8A4E6FB4FE1}.Release|Any CPU.Build.0 = Release|Any CPU
	EndGlobalSection
	GlobalSection(SolutionProperties) = preSolution
		HideSolutionNode = FALSE
	EndGlobalSection
	GlobalSection(ExtensibilityGlobals) = postSolution
		SolutionGuid = {55624E1B-B2DF-4001-9322-2AFC6D21C82A}
	EndGlobalSection
EndGlobal
