
Microsoft Visual Studio Solution File, Format Version 12.00
# Visual Studio Version 17
VisualStudioVersion = 17.9.34616.47
MinimumVisualStudioVersion = 10.0.40219.1
Project("{FAE04EC0-301F-11D3-BF4B-00C04F79EFBC}") = "BoxCode", "BoxCode.csproj", "{E2916837-68F3-4635-8AB8-35BE07FD166D}"
EndProject
Global
	GlobalSection(SolutionConfigurationPlatforms) = preSolution
		Debug|Any CPU = Debug|Any CPU
		Release|Any CPU = Release|Any CPU
	EndGlobalSection
	GlobalSection(ProjectConfigurationPlatforms) = postSolution
		{E2916837-68F3-4635-8AB8-35BE07FD166D}.Debug|Any CPU.ActiveCfg = Debug|Any CPU
		{E2916837-68F3-4635-8AB8-35BE07FD166D}.Debug|Any CPU.Build.0 = Debug|Any CPU
		{E2916837-68F3-4635-8AB8-35BE07FD166D}.Release|Any CPU.ActiveCfg = Release|Any CPU
		{E2916837-68F3-4635-8AB8-35BE07FD166D}.Release|Any CPU.Build.0 = Release|Any CPU
	EndGlobalSection
	GlobalSection(SolutionProperties) = preSolution
		HideSolutionNode = FALSE
	EndGlobalSection
	GlobalSection(ExtensibilityGlobals) = postSolution
		SolutionGuid = {55624E1B-B2DF-4001-9322-2AFC6D21C82A}
	EndGlobalSection
EndGlobal
